
Microsoft Visual Studio Solution File, Format Version 12.00
# Visual Studio Version 17
VisualStudioVersion = 17.13.35931.197 d17.13
MinimumVisualStudioVersion = 10.0.40219.1
Project("{FAE04EC0-301F-11D3-BF4B-00C04F79EFBC}") = "HelloWebAPI", "HelloWebAPI\HelloWebAPI.csproj", "{DA993FB4-F5D2-49C8-B778-294B5F08E7E5}"
EndProject
Project("{FAE04EC0-301F-11D3-BF4B-00C04F79EFBC}") = "HelloWebAPI.tests", "HelloWebAPI.tests\HelloWebAPI.tests.csproj", "{DA63F9D5-FBAC-4068-AA49-C5360A20EF8D}"
EndProject
Global
	GlobalSection(SolutionConfigurationPlatforms) = preSolution
		Debug|Any CPU = Debug|Any CPU
		Release|Any CPU = Release|Any CPU
	EndGlobalSection
	GlobalSection(ProjectConfigurationPlatforms) = postSolution
		{DA993FB4-F5D2-49C8-B778-294B5F08E7E5}.Debug|Any CPU.ActiveCfg = Debug|Any CPU
		{DA993FB4-F5D2-49C8-B778-294B5F08E7E5}.Debug|Any CPU.Build.0 = Debug|Any CPU
		{DA993FB4-F5D2-49C8-B778-294B5F08E7E5}.Release|Any CPU.ActiveCfg = Release|Any CPU
		{DA993FB4-F5D2-49C8-B778-294B5F08E7E5}.Release|Any CPU.Build.0 = Release|Any CPU
		{DA63F9D5-FBAC-4068-AA49-C5360A20EF8D}.Debug|Any CPU.ActiveCfg = Debug|Any CPU
		{DA63F9D5-FBAC-4068-AA49-C5360A20EF8D}.Debug|Any CPU.Build.0 = Debug|Any CPU
		{DA63F9D5-FBAC-4068-AA49-C5360A20EF8D}.Release|Any CPU.ActiveCfg = Release|Any CPU
		{DA63F9D5-FBAC-4068-AA49-C5360A20EF8D}.Release|Any CPU.Build.0 = Release|Any CPU
	EndGlobalSection
	GlobalSection(SolutionProperties) = preSolution
		HideSolutionNode = FALSE
	EndGlobalSection
	GlobalSection(ExtensibilityGlobals) = postSolution
		SolutionGuid = {EE94596C-6CA8-44A1-BA63-20902E23D818}
	EndGlobalSection
EndGlobal
